// !$*UTF8*$!
{
	archiveVersion = 1;
	classes = {
	};
	objectVersion = 46;
	objects = {

/* Begin PBXBuildFile section */
		6E819DE116EA052E00B0B4B2 /* Earth (Americas).gif in Resources */ = {isa = PBXBuildFile; fileRef = 6E819DE016EA052E00B0B4B2 /* Earth (Americas).gif */; };
		6E819DE316EA07B100B0B4B2 /* transparent_png_sample.png in Resources */ = {isa = PBXBuildFile; fileRef = 6E819DE216EA07B100B0B4B2 /* transparent_png_sample.png */; };
		6E8F3A3F16E99C9F00838F8F /* UIKit.framework in Frameworks */ = {isa = PBXBuildFile; fileRef = 6E8F3A3E16E99C9F00838F8F /* UIKit.framework */; };
		6E8F3A4116E99C9F00838F8F /* Foundation.framework in Frameworks */ = {isa = PBXBuildFile; fileRef = 6E8F3A4016E99C9F00838F8F /* Foundation.framework */; };
		6E8F3A4316E99C9F00838F8F /* CoreGraphics.framework in Frameworks */ = {isa = PBXBuildFile; fileRef = 6E8F3A4216E99C9F00838F8F /* CoreGraphics.framework */; };
		6E8F3A4916E99C9F00838F8F /* InfoPlist.strings in Resources */ = {isa = PBXBuildFile; fileRef = 6E8F3A4716E99C9F00838F8F /* InfoPlist.strings */; };
		6E8F3A4B16E99C9F00838F8F /* main.m in Sources */ = {isa = PBXBuildFile; fileRef = 6E8F3A4A16E99C9F00838F8F /* main.m */; };
		6E8F3A4F16E99C9F00838F8F /* GlitterAppDelegate.m in Sources */ = {isa = PBXBuildFile; fileRef = 6E8F3A4E16E99C9F00838F8F /* GlitterAppDelegate.m */; };
		6E8F3A5116E99C9F00838F8F /* Default.png in Resources */ = {isa = PBXBuildFile; fileRef = 6E8F3A5016E99C9F00838F8F /* Default.png */; };
		6E8F3A5316E99C9F00838F8F /* Default@2x.png in Resources */ = {isa = PBXBuildFile; fileRef = 6E8F3A5216E99C9F00838F8F /* Default@2x.png */; };
		6E8F3A5516E99C9F00838F8F /* Default-568h@2x.png in Resources */ = {isa = PBXBuildFile; fileRef = 6E8F3A5416E99C9F00838F8F /* Default-568h@2x.png */; };
		6E8F3A5816E99C9F00838F8F /* GlitterViewController.m in Sources */ = {isa = PBXBuildFile; fileRef = 6E8F3A5716E99C9F00838F8F /* GlitterViewController.m */; };
		6E8F3A5B16E99C9F00838F8F /* GlitterViewController.xib in Resources */ = {isa = PBXBuildFile; fileRef = 6E8F3A5916E99C9F00838F8F /* GlitterViewController.xib */; };
		6E8F3A6216E99CD600838F8F /* ptn.jpg in Resources */ = {isa = PBXBuildFile; fileRef = 6E8F3A6116E99CD600838F8F /* ptn.jpg */; };
		6E8F3A6616E99D2700838F8F /* ChoiceViewController.m in Sources */ = {isa = PBXBuildFile; fileRef = 6E8F3A6416E99D2700838F8F /* ChoiceViewController.m */; };
		6E8F3A6716E99D2700838F8F /* ChoiceViewController.xib in Resources */ = {isa = PBXBuildFile; fileRef = 6E8F3A6516E99D2700838F8F /* ChoiceViewController.xib */; };
		6E8F3A6E16E9BB9900838F8F /* ptn2.jpg in Resources */ = {isa = PBXBuildFile; fileRef = 6E8F3A6816E9BB9900838F8F /* ptn2.jpg */; };
		6E8F3A6F16E9BB9900838F8F /* ptn3.jpeg in Resources */ = {isa = PBXBuildFile; fileRef = 6E8F3A6916E9BB9900838F8F /* ptn3.jpeg */; };
		6E8F3A7016E9BB9900838F8F /* ptn4.jpg in Resources */ = {isa = PBXBuildFile; fileRef = 6E8F3A6A16E9BB9900838F8F /* ptn4.jpg */; };
		6E8F3A7116E9BB9900838F8F /* ptn5.jpeg in Resources */ = {isa = PBXBuildFile; fileRef = 6E8F3A6B16E9BB9900838F8F /* ptn5.jpeg */; };
		6E8F3A7216E9BB9900838F8F /* ptn6.jpg in Resources */ = {isa = PBXBuildFile; fileRef = 6E8F3A6C16E9BB9900838F8F /* ptn6.jpg */; };
		6E8F3A7316E9BB9900838F8F /* ptn7.jpg in Resources */ = {isa = PBXBuildFile; fileRef = 6E8F3A6D16E9BB9900838F8F /* ptn7.jpg */; };
		6E8F3A7716E9BC8400838F8F /* WashViewController.m in Sources */ = {isa = PBXBuildFile; fileRef = 6E8F3A7516E9BC8400838F8F /* WashViewController.m */; };
		6E8F3A7816E9BC8400838F8F /* WashViewController.xib in Resources */ = {isa = PBXBuildFile; fileRef = 6E8F3A7616E9BC8400838F8F /* WashViewController.xib */; };
		6E8F3A7A16E9EED000838F8F /* url.jpeg in Resources */ = {isa = PBXBuildFile; fileRef = 6E8F3A7916E9EED000838F8F /* url.jpeg */; };
/* End PBXBuildFile section */

/* Begin PBXFileReference section */
		6E819DE016EA052E00B0B4B2 /* Earth (Americas).gif */ = {isa = PBXFileReference; lastKnownFileType = image.gif; path = "Earth (Americas).gif"; sourceTree = "<group>"; };
		6E819DE216EA07B100B0B4B2 /* transparent_png_sample.png */ = {isa = PBXFileReference; lastKnownFileType = image.png; path = transparent_png_sample.png; sourceTree = "<group>"; };
		6E8F3A3B16E99C9F00838F8F /* Glitter.app */ = {isa = PBXFileReference; explicitFileType = wrapper.application; includeInIndex = 0; path = Glitter.app; sourceTree = BUILT_PRODUCTS_DIR; };
		6E8F3A3E16E99C9F00838F8F /* UIKit.framework */ = {isa = PBXFileReference; lastKnownFileType = wrapper.framework; name = UIKit.framework; path = System/Library/Frameworks/UIKit.framework; sourceTree = SDKROOT; };
		6E8F3A4016E99C9F00838F8F /* Foundation.framework */ = {isa = PBXFileReference; lastKnownFileType = wrapper.framework; name = Foundation.framework; path = System/Library/Frameworks/Foundation.framework; sourceTree = SDKROOT; };
		6E8F3A4216E99C9F00838F8F /* CoreGraphics.framework */ = {isa = PBXFileReference; lastKnownFileType = wrapper.framework; name = CoreGraphics.framework; path = System/Library/Frameworks/CoreGraphics.framework; sourceTree = SDKROOT; };
		6E8F3A4616E99C9F00838F8F /* Glitter-Info.plist */ = {isa = PBXFileReference; lastKnownFileType = text.plist.xml; path = "Glitter-Info.plist"; sourceTree = "<group>"; };
		6E8F3A4816E99C9F00838F8F /* en */ = {isa = PBXFileReference; lastKnownFileType = text.plist.strings; name = en; path = en.lproj/InfoPlist.strings; sourceTree = "<group>"; };
		6E8F3A4A16E99C9F00838F8F /* main.m */ = {isa = PBXFileReference; lastKnownFileType = sourcecode.c.objc; path = main.m; sourceTree = "<group>"; };
		6E8F3A4C16E99C9F00838F8F /* Glitter-Prefix.pch */ = {isa = PBXFileReference; lastKnownFileType = sourcecode.c.h; path = "Glitter-Prefix.pch"; sourceTree = "<group>"; };
		6E8F3A4D16E99C9F00838F8F /* GlitterAppDelegate.h */ = {isa = PBXFileReference; lastKnownFileType = sourcecode.c.h; path = GlitterAppDelegate.h; sourceTree = "<group>"; };
		6E8F3A4E16E99C9F00838F8F /* GlitterAppDelegate.m */ = {isa = PBXFileReference; lastKnownFileType = sourcecode.c.objc; path = GlitterAppDelegate.m; sourceTree = "<group>"; };
		6E8F3A5016E99C9F00838F8F /* Default.png */ = {isa = PBXFileReference; lastKnownFileType = image.png; path = Default.png; sourceTree = "<group>"; };
		6E8F3A5216E99C9F00838F8F /* Default@2x.png */ = {isa = PBXFileReference; lastKnownFileType = image.png; path = "Default@2x.png"; sourceTree = "<group>"; };
		6E8F3A5416E99C9F00838F8F /* Default-568h@2x.png */ = {isa = PBXFileReference; lastKnownFileType = image.png; path = "Default-568h@2x.png"; sourceTree = "<group>"; };
		6E8F3A5616E99C9F00838F8F /* GlitterViewController.h */ = {isa = PBXFileReference; lastKnownFileType = sourcecode.c.h; path = GlitterViewController.h; sourceTree = "<group>"; };
		6E8F3A5716E99C9F00838F8F /* GlitterViewController.m */ = {isa = PBXFileReference; lastKnownFileType = sourcecode.c.objc; path = GlitterViewController.m; sourceTree = "<group>"; };
		6E8F3A5A16E99C9F00838F8F /* en */ = {isa = PBXFileReference; lastKnownFileType = file.xib; name = en; path = en.lproj/GlitterViewController.xib; sourceTree = "<group>"; };
		6E8F3A6116E99CD600838F8F /* ptn.jpg */ = {isa = PBXFileReference; lastKnownFileType = image.jpeg; path = ptn.jpg; sourceTree = "<group>"; };
		6E8F3A6316E99D2700838F8F /* ChoiceViewController.h */ = {isa = PBXFileReference; fileEncoding = 4; lastKnownFileType = sourcecode.c.h; path = ChoiceViewController.h; sourceTree = "<group>"; };
		6E8F3A6416E99D2700838F8F /* ChoiceViewController.m */ = {isa = PBXFileReference; fileEncoding = 4; lastKnownFileType = sourcecode.c.objc; path = ChoiceViewController.m; sourceTree = "<group>"; };
		6E8F3A6516E99D2700838F8F /* ChoiceViewController.xib */ = {isa = PBXFileReference; fileEncoding = 4; lastKnownFileType = file.xib; path = ChoiceViewController.xib; sourceTree = "<group>"; };
		6E8F3A6816E9BB9900838F8F /* ptn2.jpg */ = {isa = PBXFileReference; lastKnownFileType = image.jpeg; path = ptn2.jpg; sourceTree = "<group>"; };
		6E8F3A6916E9BB9900838F8F /* ptn3.jpeg */ = {isa = PBXFileReference; lastKnownFileType = image.jpeg; path = ptn3.jpeg; sourceTree = "<group>"; };
		6E8F3A6A16E9BB9900838F8F /* ptn4.jpg */ = {isa = PBXFileReference; lastKnownFileType = image.jpeg; path = ptn4.jpg; sourceTree = "<group>"; };
		6E8F3A6B16E9BB9900838F8F /* ptn5.jpeg */ = {isa = PBXFileReference; lastKnownFileType = image.jpeg; path = ptn5.jpeg; sourceTree = "<group>"; };
		6E8F3A6C16E9BB9900838F8F /* ptn6.jpg */ = {isa = PBXFileReference; lastKnownFileType = image.jpeg; path = ptn6.jpg; sourceTree = "<group>"; };
		6E8F3A6D16E9BB9900838F8F /* ptn7.jpg */ = {isa = PBXFileReference; lastKnownFileType = image.jpeg; path = ptn7.jpg; sourceTree = "<group>"; };
		6E8F3A7416E9BC8400838F8F /* WashViewController.h */ = {isa = PBXFileReference; fileEncoding = 4; lastKnownFileType = sourcecode.c.h; path = WashViewController.h; sourceTree = "<group>"; };
		6E8F3A7516E9BC8400838F8F /* WashViewController.m */ = {isa = PBXFileReference; fileEncoding = 4; lastKnownFileType = sourcecode.c.objc; path = WashViewController.m; sourceTree = "<group>"; };
		6E8F3A7616E9BC8400838F8F /* WashViewController.xib */ = {isa = PBXFileReference; fileEncoding = 4; lastKnownFileType = file.xib; path = WashViewController.xib; sourceTree = "<group>"; };
		6E8F3A7916E9EED000838F8F /* url.jpeg */ = {isa = PBXFileReference; lastKnownFileType = image.jpeg; path = url.jpeg; sourceTree = "<group>"; };
/* End PBXFileReference section */

/* Begin PBXFrameworksBuildPhase section */
		6E8F3A3816E99C9F00838F8F /* Frameworks */ = {
			isa = PBXFrameworksBuildPhase;
			buildActionMask = 2147483647;
			files = (
				6E8F3A3F16E99C9F00838F8F /* UIKit.framework in Frameworks */,
				6E8F3A4116E99C9F00838F8F /* Foundation.framework in Frameworks */,
				6E8F3A4316E99C9F00838F8F /* CoreGraphics.framework in Frameworks */,
			);
			runOnlyForDeploymentPostprocessing = 0;
		};
/* End PBXFrameworksBuildPhase section */

/* Begin PBXGroup section */
		6E8F3A3216E99C9F00838F8F = {
			isa = PBXGroup;
			children = (
				6E8F3A4416E99C9F00838F8F /* Glitter */,
				6E8F3A3D16E99C9F00838F8F /* Frameworks */,
				6E8F3A3C16E99C9F00838F8F /* Products */,
			);
			sourceTree = "<group>";
		};
		6E8F3A3C16E99C9F00838F8F /* Products */ = {
			isa = PBXGroup;
			children = (
				6E8F3A3B16E99C9F00838F8F /* Glitter.app */,
			);
			name = Products;
			sourceTree = "<group>";
		};
		6E8F3A3D16E99C9F00838F8F /* Frameworks */ = {
			isa = PBXGroup;
			children = (
				6E8F3A3E16E99C9F00838F8F /* UIKit.framework */,
				6E8F3A4016E99C9F00838F8F /* Foundation.framework */,
				6E8F3A4216E99C9F00838F8F /* CoreGraphics.framework */,
			);
			name = Frameworks;
			sourceTree = "<group>";
		};
		6E8F3A4416E99C9F00838F8F /* Glitter */ = {
			isa = PBXGroup;
			children = (
				6E8F3A7916E9EED000838F8F /* url.jpeg */,
				6E8F3A6816E9BB9900838F8F /* ptn2.jpg */,
				6E819DE016EA052E00B0B4B2 /* Earth (Americas).gif */,
				6E8F3A6916E9BB9900838F8F /* ptn3.jpeg */,
				6E8F3A6A16E9BB9900838F8F /* ptn4.jpg */,
				6E819DE216EA07B100B0B4B2 /* transparent_png_sample.png */,
				6E8F3A6B16E9BB9900838F8F /* ptn5.jpeg */,
				6E8F3A6C16E9BB9900838F8F /* ptn6.jpg */,
				6E8F3A6D16E9BB9900838F8F /* ptn7.jpg */,
				6E8F3A6116E99CD600838F8F /* ptn.jpg */,
				6E8F3A4D16E99C9F00838F8F /* GlitterAppDelegate.h */,
				6E8F3A4E16E99C9F00838F8F /* GlitterAppDelegate.m */,
				6E8F3A5616E99C9F00838F8F /* GlitterViewController.h */,
				6E8F3A5716E99C9F00838F8F /* GlitterViewController.m */,
				6E8F3A5916E99C9F00838F8F /* GlitterViewController.xib */,
				6E8F3A6316E99D2700838F8F /* ChoiceViewController.h */,
				6E8F3A6416E99D2700838F8F /* ChoiceViewController.m */,
				6E8F3A6516E99D2700838F8F /* ChoiceViewController.xib */,
				6E8F3A7416E9BC8400838F8F /* WashViewController.h */,
				6E8F3A7516E9BC8400838F8F /* WashViewController.m */,
				6E8F3A7616E9BC8400838F8F /* WashViewController.xib */,
				6E8F3A4516E99C9F00838F8F /* Supporting Files */,
			);
			path = Glitter;
			sourceTree = "<group>";
		};
		6E8F3A4516E99C9F00838F8F /* Supporting Files */ = {
			isa = PBXGroup;
			children = (
				6E8F3A4616E99C9F00838F8F /* Glitter-Info.plist */,
				6E8F3A4716E99C9F00838F8F /* InfoPlist.strings */,
				6E8F3A4A16E99C9F00838F8F /* main.m */,
				6E8F3A4C16E99C9F00838F8F /* Glitter-Prefix.pch */,
				6E8F3A5016E99C9F00838F8F /* Default.png */,
				6E8F3A5216E99C9F00838F8F /* Default@2x.png */,
				6E8F3A5416E99C9F00838F8F /* Default-568h@2x.png */,
			);
			name = "Supporting Files";
			sourceTree = "<group>";
		};
/* End PBXGroup section */

/* Begin PBXNativeTarget section */
		6E8F3A3A16E99C9F00838F8F /* Glitter */ = {
			isa = PBXNativeTarget;
			buildConfigurationList = 6E8F3A5E16E99C9F00838F8F /* Build configuration list for PBXNativeTarget "Glitter" */;
			buildPhases = (
				6E8F3A3716E99C9F00838F8F /* Sources */,
				6E8F3A3816E99C9F00838F8F /* Frameworks */,
				6E8F3A3916E99C9F00838F8F /* Resources */,
			);
			buildRules = (
			);
			dependencies = (
			);
			name = Glitter;
			productName = Glitter;
			productReference = 6E8F3A3B16E99C9F00838F8F /* Glitter.app */;
			productType = "com.apple.product-type.application";
		};
/* End PBXNativeTarget section */

/* Begin PBXProject section */
		6E8F3A3316E99C9F00838F8F /* Project object */ = {
			isa = PBXProject;
			attributes = {
				CLASSPREFIX = Glitter;
				LastUpgradeCheck = 0460;
				ORGANIZATIONNAME = "鎗水謙星";
			};
			buildConfigurationList = 6E8F3A3616E99C9F00838F8F /* Build configuration list for PBXProject "Glitter" */;
			compatibilityVersion = "Xcode 3.2";
			developmentRegion = English;
			hasScannedForEncodings = 0;
			knownRegions = (
				en,
			);
			mainGroup = 6E8F3A3216E99C9F00838F8F;
			productRefGroup = 6E8F3A3C16E99C9F00838F8F /* Products */;
			projectDirPath = "";
			projectRoot = "";
			targets = (
				6E8F3A3A16E99C9F00838F8F /* Glitter */,
			);
		};
/* End PBXProject section */

/* Begin PBXResourcesBuildPhase section */
		6E8F3A3916E99C9F00838F8F /* Resources */ = {
			isa = PBXResourcesBuildPhase;
			buildActionMask = 2147483647;
			files = (
				6E8F3A4916E99C9F00838F8F /* InfoPlist.strings in Resources */,
				6E8F3A5116E99C9F00838F8F /* Default.png in Resources */,
				6E8F3A5316E99C9F00838F8F /* Default@2x.png in Resources */,
				6E8F3A5516E99C9F00838F8F /* Default-568h@2x.png in Resources */,
				6E8F3A5B16E99C9F00838F8F /* GlitterViewController.xib in Resources */,
				6E8F3A6216E99CD600838F8F /* ptn.jpg in Resources */,
				6E8F3A6716E99D2700838F8F /* ChoiceViewController.xib in Resources */,
				6E8F3A6E16E9BB9900838F8F /* ptn2.jpg in Resources */,
				6E8F3A6F16E9BB9900838F8F /* ptn3.jpeg in Resources */,
				6E8F3A7016E9BB9900838F8F /* ptn4.jpg in Resources */,
				6E8F3A7116E9BB9900838F8F /* ptn5.jpeg in Resources */,
				6E8F3A7216E9BB9900838F8F /* ptn6.jpg in Resources */,
				6E8F3A7316E9BB9900838F8F /* ptn7.jpg in Resources */,
				6E8F3A7816E9BC8400838F8F /* WashViewController.xib in Resources */,
				6E8F3A7A16E9EED000838F8F /* url.jpeg in Resources */,
				6E819DE116EA052E00B0B4B2 /* Earth (Americas).gif in Resources */,
				6E819DE316EA07B100B0B4B2 /* transparent_png_sample.png in Resources */,
			);
			runOnlyForDeploymentPostprocessing = 0;
		};
/* End PBXResourcesBuildPhase section */

/* Begin PBXSourcesBuildPhase section */
		6E8F3A3716E99C9F00838F8F /* Sources */ = {
			isa = PBXSourcesBuildPhase;
			buildActionMask = 2147483647;
			files = (
				6E8F3A4B16E99C9F00838F8F /* main.m in Sources */,
				6E8F3A4F16E99C9F00838F8F /* GlitterAppDelegate.m in Sources */,
				6E8F3A5816E99C9F00838F8F /* GlitterViewController.m in Sources */,
				6E8F3A6616E99D2700838F8F /* ChoiceViewController.m in Sources */,
				6E8F3A7716E9BC8400838F8F /* WashViewController.m in Sources */,
			);
			runOnlyForDeploymentPostprocessing = 0;
		};
/* End PBXSourcesBuildPhase section */

/* Begin PBXVariantGroup section */
		6E8F3A4716E99C9F00838F8F /* InfoPlist.strings */ = {
			isa = PBXVariantGroup;
			children = (
				6E8F3A4816E99C9F00838F8F /* en */,
			);
			name = InfoPlist.strings;
			sourceTree = "<group>";
		};
		6E8F3A5916E99C9F00838F8F /* GlitterViewController.xib */ = {
			isa = PBXVariantGroup;
			children = (
				6E8F3A5A16E99C9F00838F8F /* en */,
			);
			name = GlitterViewController.xib;
			sourceTree = "<group>";
		};
/* End PBXVariantGroup section */

/* Begin XCBuildConfiguration section */
		6E8F3A5C16E99C9F00838F8F /* Debug */ = {
			isa = XCBuildConfiguration;
			buildSettings = {
				ALWAYS_SEARCH_USER_PATHS = NO;
				CLANG_CXX_LANGUAGE_STANDARD = "gnu++0x";
				CLANG_CXX_LIBRARY = "libc++";
				CLANG_ENABLE_OBJC_ARC = YES;
				CLANG_WARN_CONSTANT_CONVERSION = YES;
				CLANG_WARN_EMPTY_BODY = YES;
				CLANG_WARN_ENUM_CONVERSION = YES;
				CLANG_WARN_INT_CONVERSION = YES;
				CLANG_WARN__DUPLICATE_METHOD_MATCH = YES;
				"CODE_SIGN_IDENTITY[sdk=iphoneos*]" = "iPhone Developer";
				COPY_PHASE_STRIP = NO;
				GCC_C_LANGUAGE_STANDARD = gnu99;
				GCC_DYNAMIC_NO_PIC = NO;
				GCC_OPTIMIZATION_LEVEL = 0;
				GCC_PREPROCESSOR_DEFINITIONS = (
					"DEBUG=1",
					"$(inherited)",
				);
				GCC_SYMBOLS_PRIVATE_EXTERN = NO;
				GCC_WARN_ABOUT_RETURN_TYPE = YES;
				GCC_WARN_UNINITIALIZED_AUTOS = YES;
				GCC_WARN_UNUSED_VARIABLE = YES;
				IPHONEOS_DEPLOYMENT_TARGET = 6.1;
				ONLY_ACTIVE_ARCH = YES;
				SDKROOT = iphoneos;
			};
			name = Debug;
		};
		6E8F3A5D16E99C9F00838F8F /* Release */ = {
			isa = XCBuildConfiguration;
			buildSettings = {
				ALWAYS_SEARCH_USER_PATHS = NO;
				CLANG_CXX_LANGUAGE_STANDARD = "gnu++0x";
				CLANG_CXX_LIBRARY = "libc++";
				CLANG_ENABLE_OBJC_ARC = YES;
				CLANG_WARN_CONSTANT_CONVERSION = YES;
				CLANG_WARN_EMPTY_BODY = YES;
				CLANG_WARN_ENUM_CONVERSION = YES;
				CLANG_WARN_INT_CONVERSION = YES;
				CLANG_WARN__DUPLICATE_METHOD_MATCH = YES;
				"CODE_SIGN_IDENTITY[sdk=iphoneos*]" = "iPhone Developer";
				COPY_PHASE_STRIP = YES;
				GCC_C_LANGUAGE_STANDARD = gnu99;
				GCC_WARN_ABOUT_RETURN_TYPE = YES;
				GCC_WARN_UNINITIALIZED_AUTOS = YES;
				GCC_WARN_UNUSED_VARIABLE = YES;
				IPHONEOS_DEPLOYMENT_TARGET = 6.1;
				OTHER_CFLAGS = "-DNS_BLOCK_ASSERTIONS=1";
				SDKROOT = iphoneos;
				VALIDATE_PRODUCT = YES;
			};
			name = Release;
		};
		6E8F3A5F16E99C9F00838F8F /* Debug */ = {
			isa = XCBuildConfiguration;
			buildSettings = {
				GCC_PRECOMPILE_PREFIX_HEADER = YES;
				GCC_PREFIX_HEADER = "Glitter/Glitter-Prefix.pch";
				INFOPLIST_FILE = "Glitter/Glitter-Info.plist";
				PRODUCT_NAME = "$(TARGET_NAME)";
				WRAPPER_EXTENSION = app;
			};
			name = Debug;
		};
		6E8F3A6016E99C9F00838F8F /* Release */ = {
			isa = XCBuildConfiguration;
			buildSettings = {
				GCC_PRECOMPILE_PREFIX_HEADER = YES;
				GCC_PREFIX_HEADER = "Glitter/Glitter-Prefix.pch";
				INFOPLIST_FILE = "Glitter/Glitter-Info.plist";
				PRODUCT_NAME = "$(TARGET_NAME)";
				WRAPPER_EXTENSION = app;
			};
			name = Release;
		};
/* End XCBuildConfiguration section */

/* Begin XCConfigurationList section */
		6E8F3A3616E99C9F00838F8F /* Build configuration list for PBXProject "Glitter" */ = {
			isa = XCConfigurationList;
			buildConfigurations = (
				6E8F3A5C16E99C9F00838F8F /* Debug */,
				6E8F3A5D16E99C9F00838F8F /* Release */,
			);
			defaultConfigurationIsVisible = 0;
			defaultConfigurationName = Release;
		};
		6E8F3A5E16E99C9F00838F8F /* Build configuration list for PBXNativeTarget "Glitter" */ = {
			isa = XCConfigurationList;
			buildConfigurations = (
				6E8F3A5F16E99C9F00838F8F /* Debug */,
				6E8F3A6016E99C9F00838F8F /* Release */,
			);
			defaultConfigurationIsVisible = 0;
			defaultConfigurationName = Release;
		};
/* End XCConfigurationList section */
	};
	rootObject = 6E8F3A3316E99C9F00838F8F /* Project object */;
}
